// !$*UTF8*$!
{
	archiveVersion = 1;
	classes = {
	};
	objectVersion = 50;
	objects = {

/* Begin PBXBuildFile section */
		22AE8C54247D687800D9CF3A /* AppDelegate.swift in Sources */ = {isa = PBXBuildFile; fileRef = 22AE8C53247D687800D9CF3A /* AppDelegate.swift */; };
		22AE8C56247D687800D9CF3A /* SceneDelegate.swift in Sources */ = {isa = PBXBuildFile; fileRef = 22AE8C55247D687800D9CF3A /* SceneDelegate.swift */; };
		22AE8C59247D687800D9CF3A /* robochat.xcdatamodeld in Sources */ = {isa = PBXBuildFile; fileRef = 22AE8C57247D687800D9CF3A /* robochat.xcdatamodeld */; };
		22AE8C5B247D687800D9CF3A /* ContentView.swift in Sources */ = {isa = PBXBuildFile; fileRef = 22AE8C5A247D687800D9CF3A /* ContentView.swift */; };
		22AE8C5D247D687900D9CF3A /* Assets.xcassets in Resources */ = {isa = PBXBuildFile; fileRef = 22AE8C5C247D687900D9CF3A /* Assets.xcassets */; };
		22AE8C60247D687900D9CF3A /* Preview Assets.xcassets in Resources */ = {isa = PBXBuildFile; fileRef = 22AE8C5F247D687900D9CF3A /* Preview Assets.xcassets */; };
		22AE8C63247D687900D9CF3A /* LaunchScreen.storyboard in Resources */ = {isa = PBXBuildFile; fileRef = 22AE8C61247D687900D9CF3A /* LaunchScreen.storyboard */; };
		22AE8C6B247D6D0B00D9CF3A /* README.md in Resources */ = {isa = PBXBuildFile; fileRef = 22AE8C6A247D6D0B00D9CF3A /* README.md */; };
		AB2BD4F424AD62D400CC04BF /* StartView.swift in Sources */ = {isa = PBXBuildFile; fileRef = AB2BD4F324AD62D400CC04BF /* StartView.swift */; };
		ABFBEF2124A03EA4009682D7 /* AppData.swift in Sources */ = {isa = PBXBuildFile; fileRef = ABFBEF2024A03EA4009682D7 /* AppData.swift */; };
		ABFBEF2324A03EB0009682D7 /* LoginView.swift in Sources */ = {isa = PBXBuildFile; fileRef = ABFBEF2224A03EB0009682D7 /* LoginView.swift */; };
		FD4BB19124C83D8B0029A472 /* ChatView.swift in Sources */ = {isa = PBXBuildFile; fileRef = FD4BB19024C83D8B0029A472 /* ChatView.swift */; };
		FDAE4A7124DAEF7C00DFFC5D /* MessageView.swift in Sources */ = {isa = PBXBuildFile; fileRef = FDAE4A7024DAEF7B00DFFC5D /* MessageView.swift */; };
		FDD6111F24DC36EA0092A155 /* sampleData.swift in Sources */ = {isa = PBXBuildFile; fileRef = FDD6111E24DC36EA0092A155 /* sampleData.swift */; };
		FDF25FAD2509D7E500544BC7 /* BookClassifier.mlmodel in Sources */ = {isa = PBXBuildFile; fileRef = FDF25FAC2509D7E500544BC7 /* BookClassifier.mlmodel */; };
/* End PBXBuildFile section */

/* Begin PBXFileReference section */
		22AE8C50247D687800D9CF3A /* robochat.app */ = {isa = PBXFileReference; explicitFileType = wrapper.application; includeInIndex = 0; path = robochat.app; sourceTree = BUILT_PRODUCTS_DIR; };
		22AE8C53247D687800D9CF3A /* AppDelegate.swift */ = {isa = PBXFileReference; lastKnownFileType = sourcecode.swift; path = AppDelegate.swift; sourceTree = "<group>"; };
		22AE8C55247D687800D9CF3A /* SceneDelegate.swift */ = {isa = PBXFileReference; lastKnownFileType = sourcecode.swift; path = SceneDelegate.swift; sourceTree = "<group>"; };
		22AE8C58247D687800D9CF3A /* robochat.xcdatamodel */ = {isa = PBXFileReference; lastKnownFileType = wrapper.xcdatamodel; path = robochat.xcdatamodel; sourceTree = "<group>"; };
		22AE8C5A247D687800D9CF3A /* ContentView.swift */ = {isa = PBXFileReference; lastKnownFileType = sourcecode.swift; path = ContentView.swift; sourceTree = "<group>"; };
		22AE8C5C247D687900D9CF3A /* Assets.xcassets */ = {isa = PBXFileReference; lastKnownFileType = folder.assetcatalog; path = Assets.xcassets; sourceTree = "<group>"; };
		22AE8C5F247D687900D9CF3A /* Preview Assets.xcassets */ = {isa = PBXFileReference; lastKnownFileType = folder.assetcatalog; path = "Preview Assets.xcassets"; sourceTree = "<group>"; };
		22AE8C62247D687900D9CF3A /* Base */ = {isa = PBXFileReference; lastKnownFileType = file.storyboard; name = Base; path = Base.lproj/LaunchScreen.storyboard; sourceTree = "<group>"; };
		22AE8C64247D687900D9CF3A /* Info.plist */ = {isa = PBXFileReference; lastKnownFileType = text.plist.xml; path = Info.plist; sourceTree = "<group>"; };
		22AE8C6A247D6D0B00D9CF3A /* README.md */ = {isa = PBXFileReference; fileEncoding = 4; lastKnownFileType = net.daringfireball.markdown; path = README.md; sourceTree = "<group>"; };
		AB2BD4F324AD62D400CC04BF /* StartView.swift */ = {isa = PBXFileReference; fileEncoding = 4; lastKnownFileType = sourcecode.swift; path = StartView.swift; sourceTree = "<group>"; };
		ABFBEF2024A03EA4009682D7 /* AppData.swift */ = {isa = PBXFileReference; fileEncoding = 4; lastKnownFileType = sourcecode.swift; path = AppData.swift; sourceTree = "<group>"; };
		ABFBEF2224A03EB0009682D7 /* LoginView.swift */ = {isa = PBXFileReference; fileEncoding = 4; lastKnownFileType = sourcecode.swift; path = LoginView.swift; sourceTree = "<group>"; };
		FD4BB19024C83D8B0029A472 /* ChatView.swift */ = {isa = PBXFileReference; lastKnownFileType = sourcecode.swift; path = ChatView.swift; sourceTree = "<group>"; };
		FDAE4A7024DAEF7B00DFFC5D /* MessageView.swift */ = {isa = PBXFileReference; lastKnownFileType = sourcecode.swift; path = MessageView.swift; sourceTree = "<group>"; };
		FDD6111E24DC36EA0092A155 /* sampleData.swift */ = {isa = PBXFileReference; lastKnownFileType = sourcecode.swift; path = sampleData.swift; sourceTree = "<group>"; };
		FDF25FAC2509D7E500544BC7 /* BookClassifier.mlmodel */ = {isa = PBXFileReference; lastKnownFileType = file.mlmodel; path = BookClassifier.mlmodel; sourceTree = "<group>"; };
/* End PBXFileReference section */

/* Begin PBXFrameworksBuildPhase section */
		22AE8C4D247D687800D9CF3A /* Frameworks */ = {
			isa = PBXFrameworksBuildPhase;
			buildActionMask = 2147483647;
			files = (
			);
			runOnlyForDeploymentPostprocessing = 0;
		};
/* End PBXFrameworksBuildPhase section */

/* Begin PBXGroup section */
		22AE8C47247D687800D9CF3A = {
			isa = PBXGroup;
			children = (
				22AE8C6A247D6D0B00D9CF3A /* README.md */,
				22AE8C52247D687800D9CF3A /* robochat */,
				22AE8C51247D687800D9CF3A /* Products */,
			);
			sourceTree = "<group>";
		};
		22AE8C51247D687800D9CF3A /* Products */ = {
			isa = PBXGroup;
			children = (
				22AE8C50247D687800D9CF3A /* robochat.app */,
			);
			name = Products;
			sourceTree = "<group>";
		};
		22AE8C52247D687800D9CF3A /* robochat */ = {
			isa = PBXGroup;
			children = (
				FD601BA324EFCDD5009AA4A0 /* MLModel */,
				ABFBEF2024A03EA4009682D7 /* AppData.swift */,
				FDD6111E24DC36EA0092A155 /* sampleData.swift */,
				22AE8C53247D687800D9CF3A /* AppDelegate.swift */,
				22AE8C55247D687800D9CF3A /* SceneDelegate.swift */,
				FDAE4A7024DAEF7B00DFFC5D /* MessageView.swift */,
				FD4BB19024C83D8B0029A472 /* ChatView.swift */,
				ABFBEF2224A03EB0009682D7 /* LoginView.swift */,
				22AE8C5A247D687800D9CF3A /* ContentView.swift */,
				22AE8C5C247D687900D9CF3A /* Assets.xcassets */,
				22AE8C61247D687900D9CF3A /* LaunchScreen.storyboard */,
				22AE8C64247D687900D9CF3A /* Info.plist */,
				AB2BD4F324AD62D400CC04BF /* StartView.swift */,
				22AE8C57247D687800D9CF3A /* robochat.xcdatamodeld */,
				22AE8C5E247D687900D9CF3A /* Preview Content */,
			);
			path = robochat;
			sourceTree = "<group>";
		};
		22AE8C5E247D687900D9CF3A /* Preview Content */ = {
			isa = PBXGroup;
			children = (
				22AE8C5F247D687900D9CF3A /* Preview Assets.xcassets */,
			);
			path = "Preview Content";
			sourceTree = "<group>";
		};
		FD601BA324EFCDD5009AA4A0 /* MLModel */ = {
			isa = PBXGroup;
			children = (
				FDF25FAC2509D7E500544BC7 /* BookClassifier.mlmodel */,
			);
			path = MLModel;
			sourceTree = "<group>";
		};
/* End PBXGroup section */

/* Begin PBXNativeTarget section */
		22AE8C4F247D687800D9CF3A /* robochat */ = {
			isa = PBXNativeTarget;
			buildConfigurationList = 22AE8C67247D687900D9CF3A /* Build configuration list for PBXNativeTarget "robochat" */;
			buildPhases = (
				22AE8C4C247D687800D9CF3A /* Sources */,
				22AE8C4D247D687800D9CF3A /* Frameworks */,
				22AE8C4E247D687800D9CF3A /* Resources */,
			);
			buildRules = (
			);
			dependencies = (
			);
			name = robochat;
			productName = robochat;
			productReference = 22AE8C50247D687800D9CF3A /* robochat.app */;
			productType = "com.apple.product-type.application";
		};
/* End PBXNativeTarget section */

/* Begin PBXProject section */
		22AE8C48247D687800D9CF3A /* Project object */ = {
			isa = PBXProject;
			attributes = {
				LastSwiftUpdateCheck = 1150;
				LastUpgradeCheck = 1150;
				ORGANIZATIONNAME = robochat;
				TargetAttributes = {
					22AE8C4F247D687800D9CF3A = {
						CreatedOnToolsVersion = 11.5;
					};
				};
			};
			buildConfigurationList = 22AE8C4B247D687800D9CF3A /* Build configuration list for PBXProject "robochat" */;
			compatibilityVersion = "Xcode 9.3";
			developmentRegion = en;
			hasScannedForEncodings = 0;
			knownRegions = (
				en,
				Base,
			);
			mainGroup = 22AE8C47247D687800D9CF3A;
			productRefGroup = 22AE8C51247D687800D9CF3A /* Products */;
			projectDirPath = "";
			projectRoot = "";
			targets = (
				22AE8C4F247D687800D9CF3A /* robochat */,
			);
		};
/* End PBXProject section */

/* Begin PBXResourcesBuildPhase section */
		22AE8C4E247D687800D9CF3A /* Resources */ = {
			isa = PBXResourcesBuildPhase;
			buildActionMask = 2147483647;
			files = (
				22AE8C63247D687900D9CF3A /* LaunchScreen.storyboard in Resources */,
				22AE8C60247D687900D9CF3A /* Preview Assets.xcassets in Resources */,
				22AE8C6B247D6D0B00D9CF3A /* README.md in Resources */,
				22AE8C5D247D687900D9CF3A /* Assets.xcassets in Resources */,
			);
			runOnlyForDeploymentPostprocessing = 0;
		};
/* End PBXResourcesBuildPhase section */

/* Begin PBXSourcesBuildPhase section */
		22AE8C4C247D687800D9CF3A /* Sources */ = {
			isa = PBXSourcesBuildPhase;
			buildActionMask = 2147483647;
			files = (
				ABFBEF2324A03EB0009682D7 /* LoginView.swift in Sources */,
				FDF25FAD2509D7E500544BC7 /* BookClassifier.mlmodel in Sources */,
				22AE8C54247D687800D9CF3A /* AppDelegate.swift in Sources */,
				22AE8C59247D687800D9CF3A /* robochat.xcdatamodeld in Sources */,
				FDAE4A7124DAEF7C00DFFC5D /* MessageView.swift in Sources */,
				22AE8C5B247D687800D9CF3A /* ContentView.swift in Sources */,
				FD4BB19124C83D8B0029A472 /* ChatView.swift in Sources */,
				FDD6111F24DC36EA0092A155 /* sampleData.swift in Sources */,
				22AE8C56247D687800D9CF3A /* SceneDelegate.swift in Sources */,
				ABFBEF2124A03EA4009682D7 /* AppData.swift in Sources */,
				AB2BD4F424AD62D400CC04BF /* StartView.swift in Sources */,
			);
			runOnlyForDeploymentPostprocessing = 0;
		};
/* End PBXSourcesBuildPhase section */

/* Begin PBXVariantGroup section */
		22AE8C61247D687900D9CF3A /* LaunchScreen.storyboard */ = {
			isa = PBXVariantGroup;
			children = (
				22AE8C62247D687900D9CF3A /* Base */,
			);
			name = LaunchScreen.storyboard;
			sourceTree = "<group>";
		};
/* End PBXVariantGroup section */

/* Begin XCBuildConfiguration section */
		22AE8C65247D687900D9CF3A /* Debug */ = {
			isa = XCBuildConfiguration;
			buildSettings = {
				ALWAYS_SEARCH_USER_PATHS = NO;
				CLANG_ANALYZER_NONNULL = YES;
				CLANG_ANALYZER_NUMBER_OBJECT_CONVERSION = YES_AGGRESSIVE;
				CLANG_CXX_LANGUAGE_STANDARD = "gnu++14";
				CLANG_CXX_LIBRARY = "libc++";
				CLANG_ENABLE_MODULES = YES;
				CLANG_ENABLE_OBJC_ARC = YES;
				CLANG_ENABLE_OBJC_WEAK = YES;
				CLANG_WARN_BLOCK_CAPTURE_AUTORELEASING = YES;
				CLANG_WARN_BOOL_CONVERSION = YES;
				CLANG_WARN_COMMA = YES;
				CLANG_WARN_CONSTANT_CONVERSION = YES;
				CLANG_WARN_DEPRECATED_OBJC_IMPLEMENTATIONS = YES;
				CLANG_WARN_DIRECT_OBJC_ISA_USAGE = YES_ERROR;
				CLANG_WARN_DOCUMENTATION_COMMENTS = YES;
				CLANG_WARN_EMPTY_BODY = YES;
				CLANG_WARN_ENUM_CONVERSION = YES;
				CLANG_WARN_INFINITE_RECURSION = YES;
				CLANG_WARN_INT_CONVERSION = YES;
				CLANG_WARN_NON_LITERAL_NULL_CONVERSION = YES;
				CLANG_WARN_OBJC_IMPLICIT_RETAIN_SELF = YES;
				CLANG_WARN_OBJC_LITERAL_CONVERSION = YES;
				CLANG_WARN_OBJC_ROOT_CLASS = YES_ERROR;
				CLANG_WARN_RANGE_LOOP_ANALYSIS = YES;
				CLANG_WARN_STRICT_PROTOTYPES = YES;
				CLANG_WARN_SUSPICIOUS_MOVE = YES;
				CLANG_WARN_UNGUARDED_AVAILABILITY = YES_AGGRESSIVE;
				CLANG_WARN_UNREACHABLE_CODE = YES;
				CLANG_WARN__DUPLICATE_METHOD_MATCH = YES;
				COPY_PHASE_STRIP = NO;
				DEBUG_INFORMATION_FORMAT = dwarf;
				ENABLE_STRICT_OBJC_MSGSEND = YES;
				ENABLE_TESTABILITY = YES;
				GCC_C_LANGUAGE_STANDARD = gnu11;
				GCC_DYNAMIC_NO_PIC = NO;
				GCC_NO_COMMON_BLOCKS = YES;
				GCC_OPTIMIZATION_LEVEL = 0;
				GCC_PREPROCESSOR_DEFINITIONS = (
					"DEBUG=1",
					"$(inherited)",
				);
				GCC_WARN_64_TO_32_BIT_CONVERSION = YES;
				GCC_WARN_ABOUT_RETURN_TYPE = YES_ERROR;
				GCC_WARN_UNDECLARED_SELECTOR = YES;
				GCC_WARN_UNINITIALIZED_AUTOS = YES_AGGRESSIVE;
				GCC_WARN_UNUSED_FUNCTION = YES;
				GCC_WARN_UNUSED_VARIABLE = YES;
				IPHONEOS_DEPLOYMENT_TARGET = 14.0;
				MTL_ENABLE_DEBUG_INFO = INCLUDE_SOURCE;
				MTL_FAST_MATH = YES;
				ONLY_ACTIVE_ARCH = YES;
				SDKROOT = iphoneos;
				SWIFT_ACTIVE_COMPILATION_CONDITIONS = DEBUG;
				SWIFT_OPTIMIZATION_LEVEL = "-Onone";
			};
			name = Debug;
		};
		22AE8C66247D687900D9CF3A /* Release */ = {
			isa = XCBuildConfiguration;
			buildSettings = {
				ALWAYS_SEARCH_USER_PATHS = NO;
				CLANG_ANALYZER_NONNULL = YES;
				CLANG_ANALYZER_NUMBER_OBJECT_CONVERSION = YES_AGGRESSIVE;
				CLANG_CXX_LANGUAGE_STANDARD = "gnu++14";
				CLANG_CXX_LIBRARY = "libc++";
				CLANG_ENABLE_MODULES = YES;
				CLANG_ENABLE_OBJC_ARC = YES;
				CLANG_ENABLE_OBJC_WEAK = YES;
				CLANG_WARN_BLOCK_CAPTURE_AUTORELEASING = YES;
				CLANG_WARN_BOOL_CONVERSION = YES;
				CLANG_WARN_COMMA = YES;
				CLANG_WARN_CONSTANT_CONVERSION = YES;
				CLANG_WARN_DEPRECATED_OBJC_IMPLEMENTATIONS = YES;
				CLANG_WARN_DIRECT_OBJC_ISA_USAGE = YES_ERROR;
				CLANG_WARN_DOCUMENTATION_COMMENTS = YES;
				CLANG_WARN_EMPTY_BODY = YES;
				CLANG_WARN_ENUM_CONVERSION = YES;
				CLANG_WARN_INFINITE_RECURSION = YES;
				CLANG_WARN_INT_CONVERSION = YES;
				CLANG_WARN_NON_LITERAL_NULL_CONVERSION = YES;
				CLANG_WARN_OBJC_IMPLICIT_RETAIN_SELF = YES;
				CLANG_WARN_OBJC_LITERAL_CONVERSION = YES;
				CLANG_WARN_OBJC_ROOT_CLASS = YES_ERROR;
				CLANG_WARN_RANGE_LOOP_ANALYSIS = YES;
				CLANG_WARN_STRICT_PROTOTYPES = YES;
				CLANG_WARN_SUSPICIOUS_MOVE = YES;
				CLANG_WARN_UNGUARDED_AVAILABILITY = YES_AGGRESSIVE;
				CLANG_WARN_UNREACHABLE_CODE = YES;
				CLANG_WARN__DUPLICATE_METHOD_MATCH = YES;
				COPY_PHASE_STRIP = NO;
				DEBUG_INFORMATION_FORMAT = "dwarf-with-dsym";
				ENABLE_NS_ASSERTIONS = NO;
				ENABLE_STRICT_OBJC_MSGSEND = YES;
				GCC_C_LANGUAGE_STANDARD = gnu11;
				GCC_NO_COMMON_BLOCKS = YES;
				GCC_WARN_64_TO_32_BIT_CONVERSION = YES;
				GCC_WARN_ABOUT_RETURN_TYPE = YES_ERROR;
				GCC_WARN_UNDECLARED_SELECTOR = YES;
				GCC_WARN_UNINITIALIZED_AUTOS = YES_AGGRESSIVE;
				GCC_WARN_UNUSED_FUNCTION = YES;
				GCC_WARN_UNUSED_VARIABLE = YES;
				IPHONEOS_DEPLOYMENT_TARGET = 14.0;
				MTL_ENABLE_DEBUG_INFO = NO;
				MTL_FAST_MATH = YES;
				SDKROOT = iphoneos;
				SWIFT_COMPILATION_MODE = wholemodule;
				SWIFT_OPTIMIZATION_LEVEL = "-O";
				VALIDATE_PRODUCT = YES;
			};
			name = Release;
		};
		22AE8C68247D687900D9CF3A /* Debug */ = {
			isa = XCBuildConfiguration;
			buildSettings = {
				ASSETCATALOG_COMPILER_APPICON_NAME = AppIcon;
				CODE_SIGN_STYLE = Automatic;
				DEVELOPMENT_ASSET_PATHS = "\"robochat/Preview Content\"";
				DEVELOPMENT_TEAM = TD8P758846;
				ENABLE_PREVIEWS = YES;
				INFOPLIST_FILE = robochat/Info.plist;
				LD_RUNPATH_SEARCH_PATHS = (
					"$(inherited)",
					"@executable_path/Frameworks",
				);
				PRODUCT_BUNDLE_IDENTIFIER = com.robochat.robochat;
				PRODUCT_NAME = "$(TARGET_NAME)";
				SWIFT_VERSION = 5.0;
				TARGETED_DEVICE_FAMILY = "1,2";
			};
			name = Debug;
		};
		22AE8C69247D687900D9CF3A /* Release */ = {
			isa = XCBuildConfiguration;
			buildSettings = {
				ASSETCATALOG_COMPILER_APPICON_NAME = AppIcon;
				CODE_SIGN_STYLE = Automatic;
				DEVELOPMENT_ASSET_PATHS = "\"robochat/Preview Content\"";
				DEVELOPMENT_TEAM = TD8P758846;
				ENABLE_PREVIEWS = YES;
				INFOPLIST_FILE = robochat/Info.plist;
				LD_RUNPATH_SEARCH_PATHS = (
					"$(inherited)",
					"@executable_path/Frameworks",
				);
				PRODUCT_BUNDLE_IDENTIFIER = com.robochat.robochat;
				PRODUCT_NAME = "$(TARGET_NAME)";
				SWIFT_VERSION = 5.0;
				TARGETED_DEVICE_FAMILY = "1,2";
			};
			name = Release;
		};
/* End XCBuildConfiguration section */

/* Begin XCConfigurationList section */
		22AE8C4B247D687800D9CF3A /* Build configuration list for PBXProject "robochat" */ = {
			isa = XCConfigurationList;
			buildConfigurations = (
				22AE8C65247D687900D9CF3A /* Debug */,
				22AE8C66247D687900D9CF3A /* Release */,
			);
			defaultConfigurationIsVisible = 0;
			defaultConfigurationName = Release;
		};
		22AE8C67247D687900D9CF3A /* Build configuration list for PBXNativeTarget "robochat" */ = {
			isa = XCConfigurationList;
			buildConfigurations = (
				22AE8C68247D687900D9CF3A /* Debug */,
				22AE8C69247D687900D9CF3A /* Release */,
			);
			defaultConfigurationIsVisible = 0;
			defaultConfigurationName = Release;
		};
/* End XCConfigurationList section */

/* Begin XCVersionGroup section */
		22AE8C57247D687800D9CF3A /* robochat.xcdatamodeld */ = {
			isa = XCVersionGroup;
			children = (
				22AE8C58247D687800D9CF3A /* robochat.xcdatamodel */,
			);
			currentVersion = 22AE8C58247D687800D9CF3A /* robochat.xcdatamodel */;
			path = robochat.xcdatamodeld;
			sourceTree = "<group>";
			versionGroupType = wrapper.xcdatamodel;
		};
/* End XCVersionGroup section */
	};
	rootObject = 22AE8C48247D687800D9CF3A /* Project object */;
}
